
Microsoft Visual Studio Solution File, Format Version 12.00
# Visual Studio Version 17
VisualStudioVersion = 17.14.36221.1 d17.14
MinimumVisualStudioVersion = 10.0.40219.1
Project("{FAE04EC0-301F-11D3-BF4B-00C04F79EFBC}") = "Assignment 1.3", "Assignment 1.3\Assignment 1.3.csproj", "{712AD1A7-14E0-4CE0-96D6-209437B37EDD}"
EndProject
Global
	GlobalSection(SolutionConfigurationPlatforms) = preSolution
		Debug|Any CPU = Debug|Any CPU
		Release|Any CPU = Release|Any CPU
	EndGlobalSection
	GlobalSection(ProjectConfigurationPlatforms) = postSolution
		{712AD1A7-14E0-4CE0-96D6-209437B37EDD}.Debug|Any CPU.ActiveCfg = Debug|Any CPU
		{712AD1A7-14E0-4CE0-96D6-209437B37EDD}.Debug|Any CPU.Build.0 = Debug|Any CPU
		{712AD1A7-14E0-4CE0-96D6-209437B37EDD}.Release|Any CPU.ActiveCfg = Release|Any CPU
		{712AD1A7-14E0-4CE0-96D6-209437B37EDD}.Release|Any CPU.Build.0 = Release|Any CPU
	EndGlobalSection
	GlobalSection(SolutionProperties) = preSolution
		HideSolutionNode = FALSE
	EndGlobalSection
	GlobalSection(ExtensibilityGlobals) = postSolution
		SolutionGuid = {58A9F99B-B78B-4512-B4F8-95A910BDAB73}
	EndGlobalSection
EndGlobal
